
Microsoft Visual Studio Solution File, Format Version 12.00
# Visual Studio Version 16
VisualStudioVersion = 16.0.29709.97
MinimumVisualStudioVersion = 10.0.40219.1
Project("{FAE04EC0-301F-11D3-BF4B-00C04F79EFBC}") = "pharmahansen", "pharmahansen\pharmahansen.csproj", "{CEBACF08-8ABC-4E30-9E94-BF783825E2AD}"
EndProject
Project("{FAE04EC0-301F-11D3-BF4B-00C04F79EFBC}") = "vcfformat", "vcfformat\vcfformat.csproj", "{C71F350C-7897-48A5-ABB5-B20F26A5BC9F}"
EndProject
Global
	GlobalSection(SolutionConfigurationPlatforms) = preSolution
		Debug|Any CPU = Debug|Any CPU
		Release|Any CPU = Release|Any CPU
	EndGlobalSection
	GlobalSection(ProjectConfigurationPlatforms) = postSolution
		{CEBACF08-8ABC-4E30-9E94-BF783825E2AD}.Debug|Any CPU.ActiveCfg = Debug|Any CPU
		{CEBACF08-8ABC-4E30-9E94-BF783825E2AD}.Debug|Any CPU.Build.0 = Debug|Any CPU
		{CEBACF08-8ABC-4E30-9E94-BF783825E2AD}.Release|Any CPU.ActiveCfg = Release|Any CPU
		{CEBACF08-8ABC-4E30-9E94-BF783825E2AD}.Release|Any CPU.Build.0 = Release|Any CPU
		{C71F350C-7897-48A5-ABB5-B20F26A5BC9F}.Debug|Any CPU.ActiveCfg = Debug|Any CPU
		{C71F350C-7897-48A5-ABB5-B20F26A5BC9F}.Debug|Any CPU.Build.0 = Debug|Any CPU
		{C71F350C-7897-48A5-ABB5-B20F26A5BC9F}.Release|Any CPU.ActiveCfg = Release|Any CPU
		{C71F350C-7897-48A5-ABB5-B20F26A5BC9F}.Release|Any CPU.Build.0 = Release|Any CPU
	EndGlobalSection
	GlobalSection(SolutionProperties) = preSolution
		HideSolutionNode = FALSE
	EndGlobalSection
	GlobalSection(ExtensibilityGlobals) = postSolution
		SolutionGuid = {7233D61F-4794-40CF-9A6D-37521F04A73C}
	EndGlobalSection
EndGlobal
